{
  "name": "benchmark",
  "version": "1.0.0",
  "lockfileVersion": 3,
  "requires": true,
  "packages": {
    "": {
      "name": "benchmark",
      "version": "1.0.0",
      "license": "ISC",
      "devDependencies": {
        "tinybench": "^5.0.1"
      }
    },
    "node_modules/tinybench": {
      "version": "5.0.1",
      "resolved": "https://registry.npmjs.org/tinybench/-/tinybench-5.0.1.tgz",
      "integrity": "sha512-aNVgWQZY4veCZLQJRftDA1X9OoLUIjDWNfC90nledkX7Lx205IpSEFYnsu4slyofoPGpJ+NIQj+BNSt4U5edMg==",
      "dev": true,
      "license": "MIT",
      "engines": {
        "node": ">=20.0.0"
      }
    }
  }
}
