{
  "name": "nats-graph",
  "version": "0.1.0",
  "lockfileVersion": 3,
  "requires": true,
  "packages": {
    "": {
      "name": "nats-graph",
      "version": "0.1.0",
      "license": "UNLICENSED",
      "dependencies": {
        "@nats-io/jetstream": "^3.0.2",
        "@nats-io/kv": "^3.0.2",
        "@nats-io/transport-node": "^3.0.2",
        "ulid": "^3.0.0"
      },
      "engines": {
        "node": ">=20.0.0"
      }
    },
    "node_modules/@nats-io/jetstream": {
      "version": "3.2.0",
      "resolved": "https://registry.npmjs.org/@nats-io/jetstream/-/jetstream-3.2.0.tgz",
      "integrity": "sha512-6H/vMjTMPsFEXKGK7dqScwHEtP1ZedZrwbCdRQuYDIVq4WLqZOD6ryeEZ/gMAP7YKLy82G6IixGUm2DVsDPCMw==",
      "license": "Apache-2.0",
      "dependencies": {
        "@nats-io/nats-core": "3.2.0"
      }
    },
    "node_modules/@nats-io/kv": {
      "version": "3.2.0",
      "resolved": "https://registry.npmjs.org/@nats-io/kv/-/kv-3.2.0.tgz",
      "integrity": "sha512-XKcD6g7qYuzZhwxfEZmfsoaqYSIqQA/URH93b+zCUImbAt3UgcNQz9KNdLwi7JL7MeNmhSqDJvxiirFIY4phJA==",
      "license": "Apache-2.0",
      "dependencies": {
        "@nats-io/jetstream": "3.2.0",
        "@nats-io/nats-core": "3.2.0"
      }
    },
    "node_modules/@nats-io/nats-core": {
      "version": "3.2.0",
      "resolved": "https://registry.npmjs.org/@nats-io/nats-core/-/nats-core-3.2.0.tgz",
      "integrity": "sha512-yHMsS0RTkKRh80COCGY/kuhEj0KPU47qkVU6IPEXmqjmskH6mX2roykxY5CXCAQc78FKYrpKQp6EHv02dRAjDw==",
      "license": "Apache-2.0",
      "dependencies": {
        "@nats-io/nkeys": "2.0.3",
        "@nats-io/nuid": "2.0.3"
      }
    },
    "node_modules/@nats-io/nkeys": {
      "version": "2.0.3",
      "resolved": "https://registry.npmjs.org/@nats-io/nkeys/-/nkeys-2.0.3.tgz",
      "integrity": "sha512-JVt56GuE6Z89KUkI4TXUbSI9fmIfAmk6PMPknijmuL72GcD+UgIomTcRWiNvvJKxA01sBbmIPStqJs5cMRBC3A==",
      "license": "Apache-2.0",
      "dependencies": {
        "tweetnacl": "^1.0.3"
      },
      "engines": {
        "node": ">=18.0.0"
      }
    },
    "node_modules/@nats-io/nuid": {
      "version": "2.0.3",
      "resolved": "https://registry.npmjs.org/@nats-io/nuid/-/nuid-2.0.3.tgz",
      "integrity": "sha512-TpA3HEBna/qMVudy+3HZr5M3mo/L1JPofpVT4t0HkFGkz2Cn9wrlrQC8tvR8Md5Oa9//GtGG26eN0qEWF5Vqew==",
      "license": "Apache-2.0",
      "engines": {
        "node": ">= 18.x"
      }
    },
    "node_modules/@nats-io/transport-node": {
      "version": "3.2.0",
      "resolved": "https://registry.npmjs.org/@nats-io/transport-node/-/transport-node-3.2.0.tgz",
      "integrity": "sha512-foSEx0KHRIjuVtb0teEnkax2elrWR4MxijBPuFPtodSAprUh+6wiYk+v5qCqhIdVl6cWGLTXCtlCHs1bkocGTg==",
      "license": "Apache-2.0",
      "dependencies": {
        "@nats-io/nats-core": "3.2.0",
        "@nats-io/nkeys": "2.0.3",
        "@nats-io/nuid": "2.0.3"
      },
      "engines": {
        "node": ">= 18.0.0"
      }
    },
    "node_modules/tweetnacl": {
      "version": "1.0.3",
      "resolved": "https://registry.npmjs.org/tweetnacl/-/tweetnacl-1.0.3.tgz",
      "integrity": "sha512-6rt+RN7aOi1nGMyC4Xa5DdYiukl2UWCbcJft7YhxReBGQD7OAM8Pbxw6YMo4r2diNEA8FEmu32YOn9rhaiE5yw==",
      "license": "Unlicense"
    },
    "node_modules/ulid": {
      "version": "3.0.1",
      "resolved": "https://registry.npmjs.org/ulid/-/ulid-3.0.1.tgz",
      "integrity": "sha512-dPJyqPzx8preQhqq24bBG1YNkvigm87K8kVEHCD+ruZg24t6IFEFv00xMWfxcC4djmFtiTLdFuADn4+DOz6R7Q==",
      "license": "MIT",
      "bin": {
        "ulid": "dist/cli.js"
      }
    }
  }
}
